// !$*UTF8*$!
{
	archiveVersion = 1;
	classes = {
	};
	objectVersion = 46;
	objects = {

/* Begin PBXBuildFile section */
		2947323E2067DF1500824731 /* SqliteViewController.swift in Sources */ = {isa = PBXBuildFile; fileRef = 2947323D2067DF1500824731 /* SqliteViewController.swift */; };
		2954A3E920648DFD00231D61 /* AppDelegate.swift in Sources */ = {isa = PBXBuildFile; fileRef = 2954A3E820648DFD00231D61 /* AppDelegate.swift */; };
		2954A3EB20648DFD00231D61 /* ViewController.swift in Sources */ = {isa = PBXBuildFile; fileRef = 2954A3EA20648DFD00231D61 /* ViewController.swift */; };
		2954A3EE20648DFD00231D61 /* Main.storyboard in Resources */ = {isa = PBXBuildFile; fileRef = 2954A3EC20648DFD00231D61 /* Main.storyboard */; };
		2954A3F020648DFD00231D61 /* Assets.xcassets in Resources */ = {isa = PBXBuildFile; fileRef = 2954A3EF20648DFD00231D61 /* Assets.xcassets */; };
		2954A3F320648DFD00231D61 /* LaunchScreen.storyboard in Resources */ = {isa = PBXBuildFile; fileRef = 2954A3F120648DFD00231D61 /* LaunchScreen.storyboard */; };
		2954A3FB2064954500231D61 /* SecondViewController.swift in Sources */ = {isa = PBXBuildFile; fileRef = 2954A3FA2064954500231D61 /* SecondViewController.swift */; };
		2954A3FD2064D2A300231D61 /* ScheduleViewController.swift in Sources */ = {isa = PBXBuildFile; fileRef = 2954A3FC2064D2A300231D61 /* ScheduleViewController.swift */; };
		2954A3FF2064D30900231D61 /* ScheduleDetailViewController.swift in Sources */ = {isa = PBXBuildFile; fileRef = 2954A3FE2064D30900231D61 /* ScheduleDetailViewController.swift */; };
		2954A4012064D3CB00231D61 /* TodoItem.swift in Sources */ = {isa = PBXBuildFile; fileRef = 2954A4002064D3CB00231D61 /* TodoItem.swift */; };
		2954A4032064D76E00231D61 /* TodoList.swift in Sources */ = {isa = PBXBuildFile; fileRef = 2954A4022064D76E00231D61 /* TodoList.swift */; };
		2954A4062064F0C400231D61 /* libsqlite3.0.tbd in Frameworks */ = {isa = PBXBuildFile; fileRef = 2954A4052064F0C400231D61 /* libsqlite3.0.tbd */; };
		29AE1BA72065EFDB004646B9 /* DBHelped.swift in Sources */ = {isa = PBXBuildFile; fileRef = 29AE1BA62065EFDB004646B9 /* DBHelped.swift */; };
		29AE1BA92065FCEC004646B9 /* demo.sqlite in Resources */ = {isa = PBXBuildFile; fileRef = 29AE1BA82065FCEC004646B9 /* demo.sqlite */; };
		712D7B6F98B49B8B05B393F9 /* Pods_Lession7.framework in Frameworks */ = {isa = PBXBuildFile; fileRef = F65B55295C4CA08997EED7E3 /* Pods_Lession7.framework */; };
/* End PBXBuildFile section */

/* Begin PBXFileReference section */
		2947323D2067DF1500824731 /* SqliteViewController.swift */ = {isa = PBXFileReference; fileEncoding = 4; lastKnownFileType = sourcecode.swift; path = SqliteViewController.swift; sourceTree = "<group>"; };
		2954A3E520648DFD00231D61 /* Lession7.app */ = {isa = PBXFileReference; explicitFileType = wrapper.application; includeInIndex = 0; path = Lession7.app; sourceTree = BUILT_PRODUCTS_DIR; };
		2954A3E820648DFD00231D61 /* AppDelegate.swift */ = {isa = PBXFileReference; lastKnownFileType = sourcecode.swift; path = AppDelegate.swift; sourceTree = "<group>"; };
		2954A3EA20648DFD00231D61 /* ViewController.swift */ = {isa = PBXFileReference; lastKnownFileType = sourcecode.swift; path = ViewController.swift; sourceTree = "<group>"; };
		2954A3ED20648DFD00231D61 /* Base */ = {isa = PBXFileReference; lastKnownFileType = file.storyboard; name = Base; path = Base.lproj/Main.storyboard; sourceTree = "<group>"; };
		2954A3EF20648DFD00231D61 /* Assets.xcassets */ = {isa = PBXFileReference; lastKnownFileType = folder.assetcatalog; path = Assets.xcassets; sourceTree = "<group>"; };
		2954A3F220648DFD00231D61 /* Base */ = {isa = PBXFileReference; lastKnownFileType = file.storyboard; name = Base; path = Base.lproj/LaunchScreen.storyboard; sourceTree = "<group>"; };
		2954A3F420648DFD00231D61 /* Info.plist */ = {isa = PBXFileReference; lastKnownFileType = text.plist.xml; path = Info.plist; sourceTree = "<group>"; };
		2954A3FA2064954500231D61 /* SecondViewController.swift */ = {isa = PBXFileReference; fileEncoding = 4; lastKnownFileType = sourcecode.swift; path = SecondViewController.swift; sourceTree = "<group>"; };
		2954A3FC2064D2A300231D61 /* ScheduleViewController.swift */ = {isa = PBXFileReference; fileEncoding = 4; lastKnownFileType = sourcecode.swift; path = ScheduleViewController.swift; sourceTree = "<group>"; };
		2954A3FE2064D30900231D61 /* ScheduleDetailViewController.swift */ = {isa = PBXFileReference; fileEncoding = 4; lastKnownFileType = sourcecode.swift; path = ScheduleDetailViewController.swift; sourceTree = "<group>"; };
		2954A4002064D3CB00231D61 /* TodoItem.swift */ = {isa = PBXFileReference; fileEncoding = 4; lastKnownFileType = sourcecode.swift; path = TodoItem.swift; sourceTree = "<group>"; };
		2954A4022064D76E00231D61 /* TodoList.swift */ = {isa = PBXFileReference; fileEncoding = 4; lastKnownFileType = sourcecode.swift; path = TodoList.swift; sourceTree = "<group>"; };
		2954A4052064F0C400231D61 /* libsqlite3.0.tbd */ = {isa = PBXFileReference; lastKnownFileType = "sourcecode.text-based-dylib-definition"; name = libsqlite3.0.tbd; path = usr/lib/libsqlite3.0.tbd; sourceTree = SDKROOT; };
		2954A4072064F0E400231D61 /* Lession7-Bridging-Header.h */ = {isa = PBXFileReference; lastKnownFileType = sourcecode.c.h; path = "Lession7-Bridging-Header.h"; sourceTree = "<group>"; };
		29AE1BA62065EFDB004646B9 /* DBHelped.swift */ = {isa = PBXFileReference; fileEncoding = 4; lastKnownFileType = sourcecode.swift; path = DBHelped.swift; sourceTree = "<group>"; };
		29AE1BA82065FCEC004646B9 /* demo.sqlite */ = {isa = PBXFileReference; lastKnownFileType = file; path = demo.sqlite; sourceTree = "<group>"; };
		99E9DEB2F3E384A909F9A0C2 /* Pods-Lession7.release.xcconfig */ = {isa = PBXFileReference; includeInIndex = 1; lastKnownFileType = text.xcconfig; name = "Pods-Lession7.release.xcconfig"; path = "Pods/Target Support Files/Pods-Lession7/Pods-Lession7.release.xcconfig"; sourceTree = "<group>"; };
		F5C647ADE7D7B893331A555C /* Pods-Lession7.debug.xcconfig */ = {isa = PBXFileReference; includeInIndex = 1; lastKnownFileType = text.xcconfig; name = "Pods-Lession7.debug.xcconfig"; path = "Pods/Target Support Files/Pods-Lession7/Pods-Lession7.debug.xcconfig"; sourceTree = "<group>"; };
		F65B55295C4CA08997EED7E3 /* Pods_Lession7.framework */ = {isa = PBXFileReference; explicitFileType = wrapper.framework; includeInIndex = 0; path = Pods_Lession7.framework; sourceTree = BUILT_PRODUCTS_DIR; };
/* End PBXFileReference section */

/* Begin PBXFrameworksBuildPhase section */
		2954A3E220648DFD00231D61 /* Frameworks */ = {
			isa = PBXFrameworksBuildPhase;
			buildActionMask = 2147483647;
			files = (
				2954A4062064F0C400231D61 /* libsqlite3.0.tbd in Frameworks */,
				712D7B6F98B49B8B05B393F9 /* Pods_Lession7.framework in Frameworks */,
			);
			runOnlyForDeploymentPostprocessing = 0;
		};
/* End PBXFrameworksBuildPhase section */

/* Begin PBXGroup section */
		2954A3DC20648DFD00231D61 = {
			isa = PBXGroup;
			children = (
				2954A3E720648DFD00231D61 /* Lession7 */,
				2954A3E620648DFD00231D61 /* Products */,
				2954A4042064F0C400231D61 /* Frameworks */,
				71053FA263723DF51A23847C /* Pods */,
			);
			sourceTree = "<group>";
		};
		2954A3E620648DFD00231D61 /* Products */ = {
			isa = PBXGroup;
			children = (
				2954A3E520648DFD00231D61 /* Lession7.app */,
			);
			name = Products;
			sourceTree = "<group>";
		};
		2954A3E720648DFD00231D61 /* Lession7 */ = {
			isa = PBXGroup;
			children = (
				29AE1BA82065FCEC004646B9 /* demo.sqlite */,
				2954A3E820648DFD00231D61 /* AppDelegate.swift */,
				2954A3EA20648DFD00231D61 /* ViewController.swift */,
				2954A3FA2064954500231D61 /* SecondViewController.swift */,
				2954A3FC2064D2A300231D61 /* ScheduleViewController.swift */,
				2954A3FE2064D30900231D61 /* ScheduleDetailViewController.swift */,
				2947323D2067DF1500824731 /* SqliteViewController.swift */,
				2954A4002064D3CB00231D61 /* TodoItem.swift */,
				2954A4022064D76E00231D61 /* TodoList.swift */,
				2954A3EC20648DFD00231D61 /* Main.storyboard */,
				2954A3EF20648DFD00231D61 /* Assets.xcassets */,
				2954A3F120648DFD00231D61 /* LaunchScreen.storyboard */,
				2954A3F420648DFD00231D61 /* Info.plist */,
				2954A4072064F0E400231D61 /* Lession7-Bridging-Header.h */,
				29AE1BA62065EFDB004646B9 /* DBHelped.swift */,
			);
			path = Lession7;
			sourceTree = "<group>";
		};
		2954A4042064F0C400231D61 /* Frameworks */ = {
			isa = PBXGroup;
			children = (
				2954A4052064F0C400231D61 /* libsqlite3.0.tbd */,
				F65B55295C4CA08997EED7E3 /* Pods_Lession7.framework */,
			);
			name = Frameworks;
			sourceTree = "<group>";
		};
		71053FA263723DF51A23847C /* Pods */ = {
			isa = PBXGroup;
			children = (
				F5C647ADE7D7B893331A555C /* Pods-Lession7.debug.xcconfig */,
				99E9DEB2F3E384A909F9A0C2 /* Pods-Lession7.release.xcconfig */,
			);
			name = Pods;
			sourceTree = "<group>";
		};
/* End PBXGroup section */

/* Begin PBXNativeTarget section */
		2954A3E420648DFD00231D61 /* Lession7 */ = {
			isa = PBXNativeTarget;
			buildConfigurationList = 2954A3F720648DFD00231D61 /* Build configuration list for PBXNativeTarget "Lession7" */;
			buildPhases = (
				32D01265CD66D0D82BA42323 /* [CP] Check Pods Manifest.lock */,
				2954A3E120648DFD00231D61 /* Sources */,
				2954A3E220648DFD00231D61 /* Frameworks */,
				2954A3E320648DFD00231D61 /* Resources */,
				0CE1E518A166E4EDC4F41EFA /* [CP] Embed Pods Frameworks */,
				8DA0E1D8F0F54B430523416F /* [CP] Copy Pods Resources */,
			);
			buildRules = (
			);
			dependencies = (
			);
			name = Lession7;
			productName = Lession7;
			productReference = 2954A3E520648DFD00231D61 /* Lession7.app */;
			productType = "com.apple.product-type.application";
		};
/* End PBXNativeTarget section */

/* Begin PBXProject section */
		2954A3DD20648DFD00231D61 /* Project object */ = {
			isa = PBXProject;
			attributes = {
				LastSwiftUpdateCheck = 0820;
				LastUpgradeCheck = 0820;
				ORGANIZATIONNAME = "Nguyen Dong Son";
				TargetAttributes = {
					2954A3E420648DFD00231D61 = {
						CreatedOnToolsVersion = 8.2.1;
						LastSwiftMigration = 0820;
						ProvisioningStyle = Automatic;
					};
				};
			};
			buildConfigurationList = 2954A3E020648DFD00231D61 /* Build configuration list for PBXProject "Lession7" */;
			compatibilityVersion = "Xcode 3.2";
			developmentRegion = English;
			hasScannedForEncodings = 0;
			knownRegions = (
				en,
				Base,
			);
			mainGroup = 2954A3DC20648DFD00231D61;
			productRefGroup = 2954A3E620648DFD00231D61 /* Products */;
			projectDirPath = "";
			projectRoot = "";
			targets = (
				2954A3E420648DFD00231D61 /* Lession7 */,
			);
		};
/* End PBXProject section */

/* Begin PBXResourcesBuildPhase section */
		2954A3E320648DFD00231D61 /* Resources */ = {
			isa = PBXResourcesBuildPhase;
			buildActionMask = 2147483647;
			files = (
				29AE1BA92065FCEC004646B9 /* demo.sqlite in Resources */,
				2954A3F320648DFD00231D61 /* LaunchScreen.storyboard in Resources */,
				2954A3F020648DFD00231D61 /* Assets.xcassets in Resources */,
				2954A3EE20648DFD00231D61 /* Main.storyboard in Resources */,
			);
			runOnlyForDeploymentPostprocessing = 0;
		};
/* End PBXResourcesBuildPhase section */

/* Begin PBXShellScriptBuildPhase section */
		0CE1E518A166E4EDC4F41EFA /* [CP] Embed Pods Frameworks */ = {
			isa = PBXShellScriptBuildPhase;
			buildActionMask = 2147483647;
			files = (
			);
			inputPaths = (
			);
			name = "[CP] Embed Pods Frameworks";
			outputPaths = (
			);
			runOnlyForDeploymentPostprocessing = 0;
			shellPath = /bin/sh;
			shellScript = "\"${SRCROOT}/Pods/Target Support Files/Pods-Lession7/Pods-Lession7-frameworks.sh\"\n";
			showEnvVarsInLog = 0;
		};
		32D01265CD66D0D82BA42323 /* [CP] Check Pods Manifest.lock */ = {
			isa = PBXShellScriptBuildPhase;
			buildActionMask = 2147483647;
			files = (
			);
			inputPaths = (
			);
			name = "[CP] Check Pods Manifest.lock";
			outputPaths = (
			);
			runOnlyForDeploymentPostprocessing = 0;
			shellPath = /bin/sh;
			shellScript = "diff \"${PODS_ROOT}/../Podfile.lock\" \"${PODS_ROOT}/Manifest.lock\" > /dev/null\nif [ $? != 0 ] ; then\n    # print error to STDERR\n    echo \"error: The sandbox is not in sync with the Podfile.lock. Run 'pod install' or update your CocoaPods installation.\" >&2\n    exit 1\nfi\n";
			showEnvVarsInLog = 0;
		};
		8DA0E1D8F0F54B430523416F /* [CP] Copy Pods Resources */ = {
			isa = PBXShellScriptBuildPhase;
			buildActionMask = 2147483647;
			files = (
			);
			inputPaths = (
			);
			name = "[CP] Copy Pods Resources";
			outputPaths = (
			);
			runOnlyForDeploymentPostprocessing = 0;
			shellPath = /bin/sh;
			shellScript = "\"${SRCROOT}/Pods/Target Support Files/Pods-Lession7/Pods-Lession7-resources.sh\"\n";
			showEnvVarsInLog = 0;
		};
/* End PBXShellScriptBuildPhase section */

/* Begin PBXSourcesBuildPhase section */
		2954A3E120648DFD00231D61 /* Sources */ = {
			isa = PBXSourcesBuildPhase;
			buildActionMask = 2147483647;
			files = (
				2954A3FB2064954500231D61 /* SecondViewController.swift in Sources */,
				29AE1BA72065EFDB004646B9 /* DBHelped.swift in Sources */,
				2954A4032064D76E00231D61 /* TodoList.swift in Sources */,
				2954A3EB20648DFD00231D61 /* ViewController.swift in Sources */,
				2954A3E920648DFD00231D61 /* AppDelegate.swift in Sources */,
				2954A3FD2064D2A300231D61 /* ScheduleViewController.swift in Sources */,
				2954A4012064D3CB00231D61 /* TodoItem.swift in Sources */,
				2954A3FF2064D30900231D61 /* ScheduleDetailViewController.swift in Sources */,
				2947323E2067DF1500824731 /* SqliteViewController.swift in Sources */,
			);
			runOnlyForDeploymentPostprocessing = 0;
		};
/* End PBXSourcesBuildPhase section */

/* Begin PBXVariantGroup section */
		2954A3EC20648DFD00231D61 /* Main.storyboard */ = {
			isa = PBXVariantGroup;
			children = (
				2954A3ED20648DFD00231D61 /* Base */,
			);
			name = Main.storyboard;
			sourceTree = "<group>";
		};
		2954A3F120648DFD00231D61 /* LaunchScreen.storyboard */ = {
			isa = PBXVariantGroup;
			children = (
				2954A3F220648DFD00231D61 /* Base */,
			);
			name = LaunchScreen.storyboard;
			sourceTree = "<group>";
		};
/* End PBXVariantGroup section */

/* Begin XCBuildConfiguration section */
		2954A3F520648DFD00231D61 /* Debug */ = {
			isa = XCBuildConfiguration;
			buildSettings = {
				ALWAYS_SEARCH_USER_PATHS = NO;
				CLANG_ANALYZER_NONNULL = YES;
				CLANG_CXX_LANGUAGE_STANDARD = "gnu++0x";
				CLANG_CXX_LIBRARY = "libc++";
				CLANG_ENABLE_MODULES = YES;
				CLANG_ENABLE_OBJC_ARC = YES;
				CLANG_WARN_BOOL_CONVERSION = YES;
				CLANG_WARN_CONSTANT_CONVERSION = YES;
				CLANG_WARN_DIRECT_OBJC_ISA_USAGE = YES_ERROR;
				CLANG_WARN_DOCUMENTATION_COMMENTS = YES;
				CLANG_WARN_EMPTY_BODY = YES;
				CLANG_WARN_ENUM_CONVERSION = YES;
				CLANG_WARN_INFINITE_RECURSION = YES;
				CLANG_WARN_INT_CONVERSION = YES;
				CLANG_WARN_OBJC_ROOT_CLASS = YES_ERROR;
				CLANG_WARN_SUSPICIOUS_MOVE = YES;
				CLANG_WARN_UNREACHABLE_CODE = YES;
				CLANG_WARN__DUPLICATE_METHOD_MATCH = YES;
				"CODE_SIGN_IDENTITY[sdk=iphoneos*]" = "iPhone Developer";
				COPY_PHASE_STRIP = NO;
				DEBUG_INFORMATION_FORMAT = dwarf;
				ENABLE_STRICT_OBJC_MSGSEND = YES;
				ENABLE_TESTABILITY = YES;
				GCC_C_LANGUAGE_STANDARD = gnu99;
				GCC_DYNAMIC_NO_PIC = NO;
				GCC_NO_COMMON_BLOCKS = YES;
				GCC_OPTIMIZATION_LEVEL = 0;
				GCC_PREPROCESSOR_DEFINITIONS = (
					"DEBUG=1",
					"$(inherited)",
				);
				GCC_WARN_64_TO_32_BIT_CONVERSION = YES;
				GCC_WARN_ABOUT_RETURN_TYPE = YES_ERROR;
				GCC_WARN_UNDECLARED_SELECTOR = YES;
				GCC_WARN_UNINITIALIZED_AUTOS = YES_AGGRESSIVE;
				GCC_WARN_UNUSED_FUNCTION = YES;
				GCC_WARN_UNUSED_VARIABLE = YES;
				IPHONEOS_DEPLOYMENT_TARGET = 10.2;
				MTL_ENABLE_DEBUG_INFO = YES;
				ONLY_ACTIVE_ARCH = YES;
				SDKROOT = iphoneos;
				SWIFT_ACTIVE_COMPILATION_CONDITIONS = DEBUG;
				SWIFT_OPTIMIZATION_LEVEL = "-Onone";
			};
			name = Debug;
		};
		2954A3F620648DFD00231D61 /* Release */ = {
			isa = XCBuildConfiguration;
			buildSettings = {
				ALWAYS_SEARCH_USER_PATHS = NO;
				CLANG_ANALYZER_NONNULL = YES;
				CLANG_CXX_LANGUAGE_STANDARD = "gnu++0x";
				CLANG_CXX_LIBRARY = "libc++";
				CLANG_ENABLE_MODULES = YES;
				CLANG_ENABLE_OBJC_ARC = YES;
				CLANG_WARN_BOOL_CONVERSION = YES;
				CLANG_WARN_CONSTANT_CONVERSION = YES;
				CLANG_WARN_DIRECT_OBJC_ISA_USAGE = YES_ERROR;
				CLANG_WARN_DOCUMENTATION_COMMENTS = YES;
				CLANG_WARN_EMPTY_BODY = YES;
				CLANG_WARN_ENUM_CONVERSION = YES;
				CLANG_WARN_INFINITE_RECURSION = YES;
				CLANG_WARN_INT_CONVERSION = YES;
				CLANG_WARN_OBJC_ROOT_CLASS = YES_ERROR;
				CLANG_WARN_SUSPICIOUS_MOVE = YES;
				CLANG_WARN_UNREACHABLE_CODE = YES;
				CLANG_WARN__DUPLICATE_METHOD_MATCH = YES;
				"CODE_SIGN_IDENTITY[sdk=iphoneos*]" = "iPhone Developer";
				COPY_PHASE_STRIP = NO;
				DEBUG_INFORMATION_FORMAT = "dwarf-with-dsym";
				ENABLE_NS_ASSERTIONS = NO;
				ENABLE_STRICT_OBJC_MSGSEND = YES;
				GCC_C_LANGUAGE_STANDARD = gnu99;
				GCC_NO_COMMON_BLOCKS = YES;
				GCC_WARN_64_TO_32_BIT_CONVERSION = YES;
				GCC_WARN_ABOUT_RETURN_TYPE = YES_ERROR;
				GCC_WARN_UNDECLARED_SELECTOR = YES;
				GCC_WARN_UNINITIALIZED_AUTOS = YES_AGGRESSIVE;
				GCC_WARN_UNUSED_FUNCTION = YES;
				GCC_WARN_UNUSED_VARIABLE = YES;
				IPHONEOS_DEPLOYMENT_TARGET = 10.2;
				MTL_ENABLE_DEBUG_INFO = NO;
				SDKROOT = iphoneos;
				SWIFT_OPTIMIZATION_LEVEL = "-Owholemodule";
				VALIDATE_PRODUCT = YES;
			};
			name = Release;
		};
		2954A3F820648DFD00231D61 /* Debug */ = {
			isa = XCBuildConfiguration;
			baseConfigurationReference = F5C647ADE7D7B893331A555C /* Pods-Lession7.debug.xcconfig */;
			buildSettings = {
				ASSETCATALOG_COMPILER_APPICON_NAME = AppIcon;
				CLANG_ENABLE_MODULES = YES;
				DEVELOPMENT_TEAM = "";
				INFOPLIST_FILE = Lession7/Info.plist;
				LD_RUNPATH_SEARCH_PATHS = "$(inherited) @executable_path/Frameworks";
				PRODUCT_BUNDLE_IDENTIFIER = Framgia.Lession7;
				PRODUCT_NAME = "$(TARGET_NAME)";
				SWIFT_OBJC_BRIDGING_HEADER = "Lession7/Lession7-Bridging-Header.h";
				SWIFT_OPTIMIZATION_LEVEL = "-Onone";
				SWIFT_VERSION = 3.0;
			};
			name = Debug;
		};
		2954A3F920648DFD00231D61 /* Release */ = {
			isa = XCBuildConfiguration;
			baseConfigurationReference = 99E9DEB2F3E384A909F9A0C2 /* Pods-Lession7.release.xcconfig */;
			buildSettings = {
				ASSETCATALOG_COMPILER_APPICON_NAME = AppIcon;
				CLANG_ENABLE_MODULES = YES;
				DEVELOPMENT_TEAM = "";
				INFOPLIST_FILE = Lession7/Info.plist;
				LD_RUNPATH_SEARCH_PATHS = "$(inherited) @executable_path/Frameworks";
				PRODUCT_BUNDLE_IDENTIFIER = Framgia.Lession7;
				PRODUCT_NAME = "$(TARGET_NAME)";
				SWIFT_OBJC_BRIDGING_HEADER = "Lession7/Lession7-Bridging-Header.h";
				SWIFT_VERSION = 3.0;
			};
			name = Release;
		};
/* End XCBuildConfiguration section */

/* Begin XCConfigurationList section */
		2954A3E020648DFD00231D61 /* Build configuration list for PBXProject "Lession7" */ = {
			isa = XCConfigurationList;
			buildConfigurations = (
				2954A3F520648DFD00231D61 /* Debug */,
				2954A3F620648DFD00231D61 /* Release */,
			);
			defaultConfigurationIsVisible = 0;
			defaultConfigurationName = Release;
		};
		2954A3F720648DFD00231D61 /* Build configuration list for PBXNativeTarget "Lession7" */ = {
			isa = XCConfigurationList;
			buildConfigurations = (
				2954A3F820648DFD00231D61 /* Debug */,
				2954A3F920648DFD00231D61 /* Release */,
			);
			defaultConfigurationIsVisible = 0;
			defaultConfigurationName = Release;
		};
/* End XCConfigurationList section */
	};
	rootObject = 2954A3DD20648DFD00231D61 /* Project object */;
}
